
Microsoft Visual Studio Solution File, Format Version 12.00
# Visual Studio 14
VisualStudioVersion = 14.0.25123.0
MinimumVisualStudioVersion = 10.0.40219.1
Project("{2150E333-8FDC-42A3-9474-1A3956D46DE8}") = "Online", "Online", "{89ED1F97-08EB-4BB5-A03E-CE7D5E337912}"
EndProject
Project("{FAE04EC0-301F-11D3-BF4B-00C04F79EFBC}") = "Kayak.Online.Shell", "Kayak.Online.Shell\Kayak.Online.Shell\Kayak.Online.Shell.csproj", "{6D1C9AF5-21DD-4CC8-8373-A7F60D99AA0F}"
EndProject
Project("{FAE04EC0-301F-11D3-BF4B-00C04F79EFBC}") = "OpenTable.Online.Shell", "OpenTable\OpenTable.Online.Shell.csproj", "{9DB33B57-A22B-4629-87FE-B873BDF79748}"
EndProject
Project("{FAE04EC0-301F-11D3-BF4B-00C04F79EFBC}") = "HipMunk.Online.Shell", "HipMunk\HipMunk.Online.Shell.csproj", "{2E667715-9107-4E26-A155-6AAE08D7DFFA}"
EndProject
Project("{2150E333-8FDC-42A3-9474-1A3956D46DE8}") = "HipMunk", "HipMunk", "{687534C1-7B54-408A-87FC-9CB89F282961}"
EndProject
Project("{2150E333-8FDC-42A3-9474-1A3956D46DE8}") = "Kayak", "Kayak", "{CDC954D2-2923-432B-AC1F-CCF8507ADC4A}"
EndProject
Project("{2150E333-8FDC-42A3-9474-1A3956D46DE8}") = "OpenTable", "OpenTable", "{D484130D-F4FA-4809-A13C-03C9C64A23E3}"
EndProject
Global
	GlobalSection(SolutionConfigurationPlatforms) = preSolution
		Debug|Any CPU = Debug|Any CPU
		Release|Any CPU = Release|Any CPU
	EndGlobalSection
	GlobalSection(ProjectConfigurationPlatforms) = postSolution
		{6D1C9AF5-21DD-4CC8-8373-A7F60D99AA0F}.Debug|Any CPU.ActiveCfg = Debug|Any CPU
		{6D1C9AF5-21DD-4CC8-8373-A7F60D99AA0F}.Debug|Any CPU.Build.0 = Debug|Any CPU
		{6D1C9AF5-21DD-4CC8-8373-A7F60D99AA0F}.Release|Any CPU.ActiveCfg = Release|Any CPU
		{6D1C9AF5-21DD-4CC8-8373-A7F60D99AA0F}.Release|Any CPU.Build.0 = Release|Any CPU
		{9DB33B57-A22B-4629-87FE-B873BDF79748}.Debug|Any CPU.ActiveCfg = Debug|Any CPU
		{9DB33B57-A22B-4629-87FE-B873BDF79748}.Debug|Any CPU.Build.0 = Debug|Any CPU
		{9DB33B57-A22B-4629-87FE-B873BDF79748}.Release|Any CPU.ActiveCfg = Release|Any CPU
		{9DB33B57-A22B-4629-87FE-B873BDF79748}.Release|Any CPU.Build.0 = Release|Any CPU
		{2E667715-9107-4E26-A155-6AAE08D7DFFA}.Debug|Any CPU.ActiveCfg = Debug|Any CPU
		{2E667715-9107-4E26-A155-6AAE08D7DFFA}.Debug|Any CPU.Build.0 = Debug|Any CPU
		{2E667715-9107-4E26-A155-6AAE08D7DFFA}.Release|Any CPU.ActiveCfg = Release|Any CPU
		{2E667715-9107-4E26-A155-6AAE08D7DFFA}.Release|Any CPU.Build.0 = Release|Any CPU
	EndGlobalSection
	GlobalSection(SolutionProperties) = preSolution
		HideSolutionNode = FALSE
	EndGlobalSection
	GlobalSection(NestedProjects) = preSolution
		{6D1C9AF5-21DD-4CC8-8373-A7F60D99AA0F} = {CDC954D2-2923-432B-AC1F-CCF8507ADC4A}
		{9DB33B57-A22B-4629-87FE-B873BDF79748} = {D484130D-F4FA-4809-A13C-03C9C64A23E3}
		{2E667715-9107-4E26-A155-6AAE08D7DFFA} = {687534C1-7B54-408A-87FC-9CB89F282961}
		{687534C1-7B54-408A-87FC-9CB89F282961} = {89ED1F97-08EB-4BB5-A03E-CE7D5E337912}
		{CDC954D2-2923-432B-AC1F-CCF8507ADC4A} = {89ED1F97-08EB-4BB5-A03E-CE7D5E337912}
		{D484130D-F4FA-4809-A13C-03C9C64A23E3} = {89ED1F97-08EB-4BB5-A03E-CE7D5E337912}
	EndGlobalSection
EndGlobal
